// !$*UTF8*$!
{
	archiveVersion = 1;
	classes = {
	};
	objectVersion = 56;
	objects = {

/* Begin PBXBuildFile section */
		B78769C92B5A79B100B5BCCF /* LooterApp.swift in Sources */ = {isa = PBXBuildFile; fileRef = B78769C82B5A79B100B5BCCF /* LooterApp.swift */; };
		B78769CB2B5A79B100B5BCCF /* ContentView.swift in Sources */ = {isa = PBXBuildFile; fileRef = B78769CA2B5A79B100B5BCCF /* ContentView.swift */; };
		B78769CD2B5A79B200B5BCCF /* Assets.xcassets in Resources */ = {isa = PBXBuildFile; fileRef = B78769CC2B5A79B200B5BCCF /* Assets.xcassets */; };
		B78769D02B5A79B200B5BCCF /* Preview Assets.xcassets in Resources */ = {isa = PBXBuildFile; fileRef = B78769CF2B5A79B200B5BCCF /* Preview Assets.xcassets */; };
		B78769D72B5A7EDC00B5BCCF /* AddItemView.swift in Sources */ = {isa = PBXBuildFile; fileRef = B78769D62B5A7EDC00B5BCCF /* AddItemView.swift */; };
		B78769D92B5AAB8D00B5BCCF /* LootItem.swift in Sources */ = {isa = PBXBuildFile; fileRef = B78769D82B5AAB8D00B5BCCF /* LootItem.swift */; };
		B78769DB2B5AACDB00B5BCCF /* Game.swift in Sources */ = {isa = PBXBuildFile; fileRef = B78769DA2B5AACDB00B5BCCF /* Game.swift */; };
		B78769DD2B5AAF0500B5BCCF /* elden_ring.png in Resources */ = {isa = PBXBuildFile; fileRef = B78769DC2B5AAF0500B5BCCF /* elden_ring.png */; };
		B78769DF2B5AAF0B00B5BCCF /* skyrim.png in Resources */ = {isa = PBXBuildFile; fileRef = B78769DE2B5AAF0B00B5BCCF /* skyrim.png */; };
		B78769E12B5AAF1500B5BCCF /* Cs2.png in Resources */ = {isa = PBXBuildFile; fileRef = B78769E02B5AAF1500B5BCCF /* Cs2.png */; };
		B78769E32B5AAF1F00B5BCCF /* hogwart.png in Resources */ = {isa = PBXBuildFile; fileRef = B78769E22B5AAF1F00B5BCCF /* hogwart.png */; };
		B78769E52B5AAF2200B5BCCF /* mirage.png in Resources */ = {isa = PBXBuildFile; fileRef = B78769E42B5AAF2200B5BCCF /* mirage.png */; };
/* End PBXBuildFile section */

/* Begin PBXFileReference section */
		B78769C52B5A79B100B5BCCF /* Looter.app */ = {isa = PBXFileReference; explicitFileType = wrapper.application; includeInIndex = 0; path = Looter.app; sourceTree = BUILT_PRODUCTS_DIR; };
		B78769C82B5A79B100B5BCCF /* LooterApp.swift */ = {isa = PBXFileReference; lastKnownFileType = sourcecode.swift; path = LooterApp.swift; sourceTree = "<group>"; };
		B78769CA2B5A79B100B5BCCF /* ContentView.swift */ = {isa = PBXFileReference; lastKnownFileType = sourcecode.swift; path = ContentView.swift; sourceTree = "<group>"; };
		B78769CC2B5A79B200B5BCCF /* Assets.xcassets */ = {isa = PBXFileReference; lastKnownFileType = folder.assetcatalog; path = Assets.xcassets; sourceTree = "<group>"; };
		B78769CF2B5A79B200B5BCCF /* Preview Assets.xcassets */ = {isa = PBXFileReference; lastKnownFileType = folder.assetcatalog; path = "Preview Assets.xcassets"; sourceTree = "<group>"; };
		B78769D62B5A7EDC00B5BCCF /* AddItemView.swift */ = {isa = PBXFileReference; lastKnownFileType = sourcecode.swift; path = AddItemView.swift; sourceTree = "<group>"; };
		B78769D82B5AAB8D00B5BCCF /* LootItem.swift */ = {isa = PBXFileReference; lastKnownFileType = sourcecode.swift; path = LootItem.swift; sourceTree = "<group>"; };
		B78769DA2B5AACDB00B5BCCF /* Game.swift */ = {isa = PBXFileReference; lastKnownFileType = sourcecode.swift; path = Game.swift; sourceTree = "<group>"; };
		B78769DC2B5AAF0500B5BCCF /* elden_ring.png */ = {isa = PBXFileReference; lastKnownFileType = image.png; path = elden_ring.png; sourceTree = "<group>"; };
		B78769DE2B5AAF0B00B5BCCF /* skyrim.png */ = {isa = PBXFileReference; lastKnownFileType = image.png; path = skyrim.png; sourceTree = "<group>"; };
		B78769E02B5AAF1500B5BCCF /* Cs2.png */ = {isa = PBXFileReference; lastKnownFileType = image.png; path = Cs2.png; sourceTree = "<group>"; };
		B78769E22B5AAF1F00B5BCCF /* hogwart.png */ = {isa = PBXFileReference; lastKnownFileType = image.png; path = hogwart.png; sourceTree = "<group>"; };
		B78769E42B5AAF2200B5BCCF /* mirage.png */ = {isa = PBXFileReference; lastKnownFileType = image.png; path = mirage.png; sourceTree = "<group>"; };
/* End PBXFileReference section */

/* Begin PBXFrameworksBuildPhase section */
		B78769C22B5A79B100B5BCCF /* Frameworks */ = {
			isa = PBXFrameworksBuildPhase;
			buildActionMask = 2147483647;
			files = (
			);
			runOnlyForDeploymentPostprocessing = 0;
		};
/* End PBXFrameworksBuildPhase section */

/* Begin PBXGroup section */
		B78769BC2B5A79B100B5BCCF = {
			isa = PBXGroup;
			children = (
				B78769DA2B5AACDB00B5BCCF /* Game.swift */,
				B78769D82B5AAB8D00B5BCCF /* LootItem.swift */,
				B78769C72B5A79B100B5BCCF /* Looter */,
				B78769C62B5A79B100B5BCCF /* Products */,
			);
			sourceTree = "<group>";
		};
		B78769C62B5A79B100B5BCCF /* Products */ = {
			isa = PBXGroup;
			children = (
				B78769C52B5A79B100B5BCCF /* Looter.app */,
			);
			name = Products;
			sourceTree = "<group>";
		};
		B78769C72B5A79B100B5BCCF /* Looter */ = {
			isa = PBXGroup;
			children = (
				B78769C82B5A79B100B5BCCF /* LooterApp.swift */,
				B78769CA2B5A79B100B5BCCF /* ContentView.swift */,
				B78769CC2B5A79B200B5BCCF /* Assets.xcassets */,
				B78769CE2B5A79B200B5BCCF /* Preview Content */,
				B78769DC2B5AAF0500B5BCCF /* elden_ring.png */,
				B78769DE2B5AAF0B00B5BCCF /* skyrim.png */,
				B78769E02B5AAF1500B5BCCF /* Cs2.png */,
				B78769E22B5AAF1F00B5BCCF /* hogwart.png */,
				B78769E42B5AAF2200B5BCCF /* mirage.png */,
			);
			path = Looter;
			sourceTree = "<group>";
		};
		B78769CE2B5A79B200B5BCCF /* Preview Content */ = {
			isa = PBXGroup;
			children = (
				B78769CF2B5A79B200B5BCCF /* Preview Assets.xcassets */,
				B78769D62B5A7EDC00B5BCCF /* AddItemView.swift */,
			);
			path = "Preview Content";
			sourceTree = "<group>";
		};
/* End PBXGroup section */

/* Begin PBXNativeTarget section */
		B78769C42B5A79B100B5BCCF /* Looter */ = {
			isa = PBXNativeTarget;
			buildConfigurationList = B78769D32B5A79B200B5BCCF /* Build configuration list for PBXNativeTarget "Looter" */;
			buildPhases = (
				B78769C12B5A79B100B5BCCF /* Sources */,
				B78769C22B5A79B100B5BCCF /* Frameworks */,
				B78769C32B5A79B100B5BCCF /* Resources */,
			);
			buildRules = (
			);
			dependencies = (
			);
			name = Looter;
			productName = Looter;
			productReference = B78769C52B5A79B100B5BCCF /* Looter.app */;
			productType = "com.apple.product-type.application";
		};
/* End PBXNativeTarget section */

/* Begin PBXProject section */
		B78769BD2B5A79B100B5BCCF /* Project object */ = {
			isa = PBXProject;
			attributes = {
				BuildIndependentTargetsInParallel = 1;
				LastSwiftUpdateCheck = 1500;
				LastUpgradeCheck = 1500;
				TargetAttributes = {
					B78769C42B5A79B100B5BCCF = {
						CreatedOnToolsVersion = 15.0.1;
					};
				};
			};
			buildConfigurationList = B78769C02B5A79B100B5BCCF /* Build configuration list for PBXProject "Looter" */;
			compatibilityVersion = "Xcode 14.0";
			developmentRegion = en;
			hasScannedForEncodings = 0;
			knownRegions = (
				en,
				Base,
			);
			mainGroup = B78769BC2B5A79B100B5BCCF;
			productRefGroup = B78769C62B5A79B100B5BCCF /* Products */;
			projectDirPath = "";
			projectRoot = "";
			targets = (
				B78769C42B5A79B100B5BCCF /* Looter */,
			);
		};
/* End PBXProject section */

/* Begin PBXResourcesBuildPhase section */
		B78769C32B5A79B100B5BCCF /* Resources */ = {
			isa = PBXResourcesBuildPhase;
			buildActionMask = 2147483647;
			files = (
				B78769E32B5AAF1F00B5BCCF /* hogwart.png in Resources */,
				B78769DF2B5AAF0B00B5BCCF /* skyrim.png in Resources */,
				B78769DD2B5AAF0500B5BCCF /* elden_ring.png in Resources */,
				B78769E52B5AAF2200B5BCCF /* mirage.png in Resources */,
				B78769D02B5A79B200B5BCCF /* Preview Assets.xcassets in Resources */,
				B78769E12B5AAF1500B5BCCF /* Cs2.png in Resources */,
				B78769CD2B5A79B200B5BCCF /* Assets.xcassets in Resources */,
			);
			runOnlyForDeploymentPostprocessing = 0;
		};
/* End PBXResourcesBuildPhase section */

/* Begin PBXSourcesBuildPhase section */
		B78769C12B5A79B100B5BCCF /* Sources */ = {
			isa = PBXSourcesBuildPhase;
			buildActionMask = 2147483647;
			files = (
				B78769CB2B5A79B100B5BCCF /* ContentView.swift in Sources */,
				B78769DB2B5AACDB00B5BCCF /* Game.swift in Sources */,
				B78769D72B5A7EDC00B5BCCF /* AddItemView.swift in Sources */,
				B78769D92B5AAB8D00B5BCCF /* LootItem.swift in Sources */,
				B78769C92B5A79B100B5BCCF /* LooterApp.swift in Sources */,
			);
			runOnlyForDeploymentPostprocessing = 0;
		};
/* End PBXSourcesBuildPhase section */

/* Begin XCBuildConfiguration section */
		B78769D12B5A79B200B5BCCF /* Debug */ = {
			isa = XCBuildConfiguration;
			buildSettings = {
				ALWAYS_SEARCH_USER_PATHS = NO;
				ASSETCATALOG_COMPILER_GENERATE_SWIFT_ASSET_SYMBOL_EXTENSIONS = YES;
				CLANG_ANALYZER_NONNULL = YES;
				CLANG_ANALYZER_NUMBER_OBJECT_CONVERSION = YES_AGGRESSIVE;
				CLANG_CXX_LANGUAGE_STANDARD = "gnu++20";
				CLANG_ENABLE_MODULES = YES;
				CLANG_ENABLE_OBJC_ARC = YES;
				CLANG_ENABLE_OBJC_WEAK = YES;
				CLANG_WARN_BLOCK_CAPTURE_AUTORELEASING = YES;
				CLANG_WARN_BOOL_CONVERSION = YES;
				CLANG_WARN_COMMA = YES;
				CLANG_WARN_CONSTANT_CONVERSION = YES;
				CLANG_WARN_DEPRECATED_OBJC_IMPLEMENTATIONS = YES;
				CLANG_WARN_DIRECT_OBJC_ISA_USAGE = YES_ERROR;
				CLANG_WARN_DOCUMENTATION_COMMENTS = YES;
				CLANG_WARN_EMPTY_BODY = YES;
				CLANG_WARN_ENUM_CONVERSION = YES;
				CLANG_WARN_INFINITE_RECURSION = YES;
				CLANG_WARN_INT_CONVERSION = YES;
				CLANG_WARN_NON_LITERAL_NULL_CONVERSION = YES;
				CLANG_WARN_OBJC_IMPLICIT_RETAIN_SELF = YES;
				CLANG_WARN_OBJC_LITERAL_CONVERSION = YES;
				CLANG_WARN_OBJC_ROOT_CLASS = YES_ERROR;
				CLANG_WARN_QUOTED_INCLUDE_IN_FRAMEWORK_HEADER = YES;
				CLANG_WARN_RANGE_LOOP_ANALYSIS = YES;
				CLANG_WARN_STRICT_PROTOTYPES = YES;
				CLANG_WARN_SUSPICIOUS_MOVE = YES;
				CLANG_WARN_UNGUARDED_AVAILABILITY = YES_AGGRESSIVE;
				CLANG_WARN_UNREACHABLE_CODE = YES;
				CLANG_WARN__DUPLICATE_METHOD_MATCH = YES;
				COPY_PHASE_STRIP = NO;
				DEBUG_INFORMATION_FORMAT = dwarf;
				ENABLE_STRICT_OBJC_MSGSEND = YES;
				ENABLE_TESTABILITY = YES;
				ENABLE_USER_SCRIPT_SANDBOXING = YES;
				GCC_C_LANGUAGE_STANDARD = gnu17;
				GCC_DYNAMIC_NO_PIC = NO;
				GCC_NO_COMMON_BLOCKS = YES;
				GCC_OPTIMIZATION_LEVEL = 0;
				GCC_PREPROCESSOR_DEFINITIONS = (
					"DEBUG=1",
					"$(inherited)",
				);
				GCC_WARN_64_TO_32_BIT_CONVERSION = YES;
				GCC_WARN_ABOUT_RETURN_TYPE = YES_ERROR;
				GCC_WARN_UNDECLARED_SELECTOR = YES;
				GCC_WARN_UNINITIALIZED_AUTOS = YES_AGGRESSIVE;
				GCC_WARN_UNUSED_FUNCTION = YES;
				GCC_WARN_UNUSED_VARIABLE = YES;
				IPHONEOS_DEPLOYMENT_TARGET = 17.0;
				LOCALIZATION_PREFERS_STRING_CATALOGS = YES;
				MTL_ENABLE_DEBUG_INFO = INCLUDE_SOURCE;
				MTL_FAST_MATH = YES;
				ONLY_ACTIVE_ARCH = YES;
				SDKROOT = iphoneos;
				SWIFT_ACTIVE_COMPILATION_CONDITIONS = "DEBUG $(inherited)";
				SWIFT_OPTIMIZATION_LEVEL = "-Onone";
			};
			name = Debug;
		};
		B78769D22B5A79B200B5BCCF /* Release */ = {
			isa = XCBuildConfiguration;
			buildSettings = {
				ALWAYS_SEARCH_USER_PATHS = NO;
				ASSETCATALOG_COMPILER_GENERATE_SWIFT_ASSET_SYMBOL_EXTENSIONS = YES;
				CLANG_ANALYZER_NONNULL = YES;
				CLANG_ANALYZER_NUMBER_OBJECT_CONVERSION = YES_AGGRESSIVE;
				CLANG_CXX_LANGUAGE_STANDARD = "gnu++20";
				CLANG_ENABLE_MODULES = YES;
				CLANG_ENABLE_OBJC_ARC = YES;
				CLANG_ENABLE_OBJC_WEAK = YES;
				CLANG_WARN_BLOCK_CAPTURE_AUTORELEASING = YES;
				CLANG_WARN_BOOL_CONVERSION = YES;
				CLANG_WARN_COMMA = YES;
				CLANG_WARN_CONSTANT_CONVERSION = YES;
				CLANG_WARN_DEPRECATED_OBJC_IMPLEMENTATIONS = YES;
				CLANG_WARN_DIRECT_OBJC_ISA_USAGE = YES_ERROR;
				CLANG_WARN_DOCUMENTATION_COMMENTS = YES;
				CLANG_WARN_EMPTY_BODY = YES;
				CLANG_WARN_ENUM_CONVERSION = YES;
				CLANG_WARN_INFINITE_RECURSION = YES;
				CLANG_WARN_INT_CONVERSION = YES;
				CLANG_WARN_NON_LITERAL_NULL_CONVERSION = YES;
				CLANG_WARN_OBJC_IMPLICIT_RETAIN_SELF = YES;
				CLANG_WARN_OBJC_LITERAL_CONVERSION = YES;
				CLANG_WARN_OBJC_ROOT_CLASS = YES_ERROR;
				CLANG_WARN_QUOTED_INCLUDE_IN_FRAMEWORK_HEADER = YES;
				CLANG_WARN_RANGE_LOOP_ANALYSIS = YES;
				CLANG_WARN_STRICT_PROTOTYPES = YES;
				CLANG_WARN_SUSPICIOUS_MOVE = YES;
				CLANG_WARN_UNGUARDED_AVAILABILITY = YES_AGGRESSIVE;
				CLANG_WARN_UNREACHABLE_CODE = YES;
				CLANG_WARN__DUPLICATE_METHOD_MATCH = YES;
				COPY_PHASE_STRIP = NO;
				DEBUG_INFORMATION_FORMAT = "dwarf-with-dsym";
				ENABLE_NS_ASSERTIONS = NO;
				ENABLE_STRICT_OBJC_MSGSEND = YES;
				ENABLE_USER_SCRIPT_SANDBOXING = YES;
				GCC_C_LANGUAGE_STANDARD = gnu17;
				GCC_NO_COMMON_BLOCKS = YES;
				GCC_WARN_64_TO_32_BIT_CONVERSION = YES;
				GCC_WARN_ABOUT_RETURN_TYPE = YES_ERROR;
				GCC_WARN_UNDECLARED_SELECTOR = YES;
				GCC_WARN_UNINITIALIZED_AUTOS = YES_AGGRESSIVE;
				GCC_WARN_UNUSED_FUNCTION = YES;
				GCC_WARN_UNUSED_VARIABLE = YES;
				IPHONEOS_DEPLOYMENT_TARGET = 17.0;
				LOCALIZATION_PREFERS_STRING_CATALOGS = YES;
				MTL_ENABLE_DEBUG_INFO = NO;
				MTL_FAST_MATH = YES;
				SDKROOT = iphoneos;
				SWIFT_COMPILATION_MODE = wholemodule;
				VALIDATE_PRODUCT = YES;
			};
			name = Release;
		};
		B78769D42B5A79B200B5BCCF /* Debug */ = {
			isa = XCBuildConfiguration;
			buildSettings = {
				ASSETCATALOG_COMPILER_APPICON_NAME = AppIcon;
				ASSETCATALOG_COMPILER_GLOBAL_ACCENT_COLOR_NAME = AccentColor;
				CODE_SIGN_STYLE = Automatic;
				CURRENT_PROJECT_VERSION = 1;
				DEVELOPMENT_ASSET_PATHS = "\"Looter/Preview Content\"";
				ENABLE_PREVIEWS = YES;
				GENERATE_INFOPLIST_FILE = YES;
				INFOPLIST_KEY_UIApplicationSceneManifest_Generation = YES;
				INFOPLIST_KEY_UIApplicationSupportsIndirectInputEvents = YES;
				INFOPLIST_KEY_UILaunchScreen_Generation = YES;
				INFOPLIST_KEY_UISupportedInterfaceOrientations_iPad = "UIInterfaceOrientationPortrait UIInterfaceOrientationPortraitUpsideDown UIInterfaceOrientationLandscapeLeft UIInterfaceOrientationLandscapeRight";
				INFOPLIST_KEY_UISupportedInterfaceOrientations_iPhone = "UIInterfaceOrientationPortrait UIInterfaceOrientationLandscapeLeft UIInterfaceOrientationLandscapeRight";
				LD_RUNPATH_SEARCH_PATHS = (
					"$(inherited)",
					"@executable_path/Frameworks",
				);
				MARKETING_VERSION = 1.0;
				PRODUCT_BUNDLE_IDENTIFIER = com.avinash.Looter;
				PRODUCT_NAME = "$(TARGET_NAME)";
				SWIFT_EMIT_LOC_STRINGS = YES;
				SWIFT_VERSION = 5.0;
				TARGETED_DEVICE_FAMILY = "1,2";
			};
			name = Debug;
		};
		B78769D52B5A79B200B5BCCF /* Release */ = {
			isa = XCBuildConfiguration;
			buildSettings = {
				ASSETCATALOG_COMPILER_APPICON_NAME = AppIcon;
				ASSETCATALOG_COMPILER_GLOBAL_ACCENT_COLOR_NAME = AccentColor;
				CODE_SIGN_STYLE = Automatic;
				CURRENT_PROJECT_VERSION = 1;
				DEVELOPMENT_ASSET_PATHS = "\"Looter/Preview Content\"";
				ENABLE_PREVIEWS = YES;
				GENERATE_INFOPLIST_FILE = YES;
				INFOPLIST_KEY_UIApplicationSceneManifest_Generation = YES;
				INFOPLIST_KEY_UIApplicationSupportsIndirectInputEvents = YES;
				INFOPLIST_KEY_UILaunchScreen_Generation = YES;
				INFOPLIST_KEY_UISupportedInterfaceOrientations_iPad = "UIInterfaceOrientationPortrait UIInterfaceOrientationPortraitUpsideDown UIInterfaceOrientationLandscapeLeft UIInterfaceOrientationLandscapeRight";
				INFOPLIST_KEY_UISupportedInterfaceOrientations_iPhone = "UIInterfaceOrientationPortrait UIInterfaceOrientationLandscapeLeft UIInterfaceOrientationLandscapeRight";
				LD_RUNPATH_SEARCH_PATHS = (
					"$(inherited)",
					"@executable_path/Frameworks",
				);
				MARKETING_VERSION = 1.0;
				PRODUCT_BUNDLE_IDENTIFIER = com.avinash.Looter;
				PRODUCT_NAME = "$(TARGET_NAME)";
				SWIFT_EMIT_LOC_STRINGS = YES;
				SWIFT_VERSION = 5.0;
				TARGETED_DEVICE_FAMILY = "1,2";
			};
			name = Release;
		};
/* End XCBuildConfiguration section */

/* Begin XCConfigurationList section */
		B78769C02B5A79B100B5BCCF /* Build configuration list for PBXProject "Looter" */ = {
			isa = XCConfigurationList;
			buildConfigurations = (
				B78769D12B5A79B200B5BCCF /* Debug */,
				B78769D22B5A79B200B5BCCF /* Release */,
			);
			defaultConfigurationIsVisible = 0;
			defaultConfigurationName = Release;
		};
		B78769D32B5A79B200B5BCCF /* Build configuration list for PBXNativeTarget "Looter" */ = {
			isa = XCConfigurationList;
			buildConfigurations = (
				B78769D42B5A79B200B5BCCF /* Debug */,
				B78769D52B5A79B200B5BCCF /* Release */,
			);
			defaultConfigurationIsVisible = 0;
			defaultConfigurationName = Release;
		};
/* End XCConfigurationList section */
	};
	rootObject = B78769BD2B5A79B100B5BCCF /* Project object */;
}
